// !$*UTF8*$!
{
	archiveVersion = 1;
	classes = {
	};
	objectVersion = 50;
	objects = {

/* Begin PBXBuildFile section */
		840FDCC52359572B002D25F9 /* AppDelegate.swift in Sources */ = {isa = PBXBuildFile; fileRef = 840FDCC42359572B002D25F9 /* AppDelegate.swift */; };
		840FDCC92359572D002D25F9 /* Assets.xcassets in Resources */ = {isa = PBXBuildFile; fileRef = 840FDCC82359572D002D25F9 /* Assets.xcassets */; };
		840FDCCC2359572D002D25F9 /* Preview Assets.xcassets in Resources */ = {isa = PBXBuildFile; fileRef = 840FDCCB2359572D002D25F9 /* Preview Assets.xcassets */; };
		840FDCCF2359572D002D25F9 /* Main.storyboard in Resources */ = {isa = PBXBuildFile; fileRef = 840FDCCD2359572D002D25F9 /* Main.storyboard */; };
		840FDCD523595764002D25F9 /* KeypadView.swift in Sources */ = {isa = PBXBuildFile; fileRef = 846B59612356833D00E56491 /* KeypadView.swift */; };
		840FDCD623595764002D25F9 /* SoundPlayer.swift in Sources */ = {isa = PBXBuildFile; fileRef = 846B595F2356833D00E56491 /* SoundPlayer.swift */; };
		840FDCD7235958CF002D25F9 /* ContentView.swift in Sources */ = {isa = PBXBuildFile; fileRef = 846B594D23567F9600E56491 /* ContentView.swift */; };
		840FDCD8235958EE002D25F9 /* Sound Files in Resources */ = {isa = PBXBuildFile; fileRef = 846B59602356833D00E56491 /* Sound Files */; };
		844FD68323840AA6003A0D2C /* ContextMenuMac.swift in Sources */ = {isa = PBXBuildFile; fileRef = 844FD68223840AA6003A0D2C /* ContextMenuMac.swift */; };
		846B594A23567F9600E56491 /* AppDelegate.swift in Sources */ = {isa = PBXBuildFile; fileRef = 846B594923567F9600E56491 /* AppDelegate.swift */; };
		846B594C23567F9600E56491 /* SceneDelegate.swift in Sources */ = {isa = PBXBuildFile; fileRef = 846B594B23567F9600E56491 /* SceneDelegate.swift */; };
		846B594E23567F9600E56491 /* ContentView.swift in Sources */ = {isa = PBXBuildFile; fileRef = 846B594D23567F9600E56491 /* ContentView.swift */; };
		846B595023567F9900E56491 /* Assets.xcassets in Resources */ = {isa = PBXBuildFile; fileRef = 846B594F23567F9900E56491 /* Assets.xcassets */; };
		846B595323567F9900E56491 /* Preview Assets.xcassets in Resources */ = {isa = PBXBuildFile; fileRef = 846B595223567F9900E56491 /* Preview Assets.xcassets */; };
		846B595623567F9900E56491 /* LaunchScreen.storyboard in Resources */ = {isa = PBXBuildFile; fileRef = 846B595423567F9900E56491 /* LaunchScreen.storyboard */; };
		846B59622356833D00E56491 /* SoundPlayer.swift in Sources */ = {isa = PBXBuildFile; fileRef = 846B595F2356833D00E56491 /* SoundPlayer.swift */; };
		846B59632356833D00E56491 /* Sound Files in Resources */ = {isa = PBXBuildFile; fileRef = 846B59602356833D00E56491 /* Sound Files */; };
		846B59642356833D00E56491 /* KeypadView.swift in Sources */ = {isa = PBXBuildFile; fileRef = 846B59612356833D00E56491 /* KeypadView.swift */; };
		847010E42389674700472DA8 /* SnowfallDemoView.swift in Sources */ = {isa = PBXBuildFile; fileRef = 847010E32389674700472DA8 /* SnowfallDemoView.swift */; };
		847010E52389674700472DA8 /* SnowfallDemoView.swift in Sources */ = {isa = PBXBuildFile; fileRef = 847010E32389674700472DA8 /* SnowfallDemoView.swift */; };
		847010E6238967AA00472DA8 /* SnowfallView.swift in Sources */ = {isa = PBXBuildFile; fileRef = 847010E2238966FB00472DA8 /* SnowfallView.swift */; };
		847010E7238967AA00472DA8 /* SnowfallView.swift in Sources */ = {isa = PBXBuildFile; fileRef = 847010E2238966FB00472DA8 /* SnowfallView.swift */; };
		84A6C0EF2364FA0C00166014 /* DraggableViews.swift in Sources */ = {isa = PBXBuildFile; fileRef = 84A6C0EE2364FA0C00166014 /* DraggableViews.swift */; };
		84A6C0F02364FA0C00166014 /* DraggableViews.swift in Sources */ = {isa = PBXBuildFile; fileRef = 84A6C0EE2364FA0C00166014 /* DraggableViews.swift */; };
		84B46C66235B5EA100BF8324 /* HyperlinkView.swift in Sources */ = {isa = PBXBuildFile; fileRef = 84B46C65235B5EA100BF8324 /* HyperlinkView.swift */; };
		84B46C67235B5EA100BF8324 /* HyperlinkView.swift in Sources */ = {isa = PBXBuildFile; fileRef = 84B46C65235B5EA100BF8324 /* HyperlinkView.swift */; };
		84CC30B7237ECB72003A0382 /* PreferenceKeyAlignView.swift in Sources */ = {isa = PBXBuildFile; fileRef = 84CC30B6237ECB72003A0382 /* PreferenceKeyAlignView.swift */; };
		84CC30B8237ECB72003A0382 /* PreferenceKeyAlignView.swift in Sources */ = {isa = PBXBuildFile; fileRef = 84CC30B6237ECB72003A0382 /* PreferenceKeyAlignView.swift */; };
/* End PBXBuildFile section */

/* Begin PBXFileReference section */
		840FDCC22359572B002D25F9 /* ComponentsMac.app */ = {isa = PBXFileReference; explicitFileType = wrapper.application; includeInIndex = 0; path = ComponentsMac.app; sourceTree = BUILT_PRODUCTS_DIR; };
		840FDCC42359572B002D25F9 /* AppDelegate.swift */ = {isa = PBXFileReference; lastKnownFileType = sourcecode.swift; path = AppDelegate.swift; sourceTree = "<group>"; };
		840FDCC82359572D002D25F9 /* Assets.xcassets */ = {isa = PBXFileReference; lastKnownFileType = folder.assetcatalog; path = Assets.xcassets; sourceTree = "<group>"; };
		840FDCCB2359572D002D25F9 /* Preview Assets.xcassets */ = {isa = PBXFileReference; lastKnownFileType = folder.assetcatalog; path = "Preview Assets.xcassets"; sourceTree = "<group>"; };
		840FDCCE2359572D002D25F9 /* Base */ = {isa = PBXFileReference; lastKnownFileType = file.storyboard; name = Base; path = Base.lproj/Main.storyboard; sourceTree = "<group>"; };
		840FDCD02359572D002D25F9 /* Info.plist */ = {isa = PBXFileReference; lastKnownFileType = text.plist.xml; path = Info.plist; sourceTree = "<group>"; };
		840FDCD12359572D002D25F9 /* ComponentsMac.entitlements */ = {isa = PBXFileReference; lastKnownFileType = text.plist.entitlements; path = ComponentsMac.entitlements; sourceTree = "<group>"; };
		844FD68223840AA6003A0D2C /* ContextMenuMac.swift */ = {isa = PBXFileReference; lastKnownFileType = sourcecode.swift; path = ContextMenuMac.swift; sourceTree = "<group>"; };
		846B594623567F9600E56491 /* Components.app */ = {isa = PBXFileReference; explicitFileType = wrapper.application; includeInIndex = 0; path = Components.app; sourceTree = BUILT_PRODUCTS_DIR; };
		846B594923567F9600E56491 /* AppDelegate.swift */ = {isa = PBXFileReference; lastKnownFileType = sourcecode.swift; path = AppDelegate.swift; sourceTree = "<group>"; };
		846B594B23567F9600E56491 /* SceneDelegate.swift */ = {isa = PBXFileReference; lastKnownFileType = sourcecode.swift; path = SceneDelegate.swift; sourceTree = "<group>"; };
		846B594D23567F9600E56491 /* ContentView.swift */ = {isa = PBXFileReference; lastKnownFileType = sourcecode.swift; path = ContentView.swift; sourceTree = "<group>"; };
		846B594F23567F9900E56491 /* Assets.xcassets */ = {isa = PBXFileReference; lastKnownFileType = folder.assetcatalog; path = Assets.xcassets; sourceTree = "<group>"; };
		846B595223567F9900E56491 /* Preview Assets.xcassets */ = {isa = PBXFileReference; lastKnownFileType = folder.assetcatalog; path = "Preview Assets.xcassets"; sourceTree = "<group>"; };
		846B595523567F9900E56491 /* Base */ = {isa = PBXFileReference; lastKnownFileType = file.storyboard; name = Base; path = Base.lproj/LaunchScreen.storyboard; sourceTree = "<group>"; };
		846B595723567F9900E56491 /* Info.plist */ = {isa = PBXFileReference; lastKnownFileType = text.plist.xml; path = Info.plist; sourceTree = "<group>"; };
		846B595F2356833D00E56491 /* SoundPlayer.swift */ = {isa = PBXFileReference; fileEncoding = 4; lastKnownFileType = sourcecode.swift; path = SoundPlayer.swift; sourceTree = "<group>"; };
		846B59602356833D00E56491 /* Sound Files */ = {isa = PBXFileReference; lastKnownFileType = folder; path = "Sound Files"; sourceTree = "<group>"; };
		846B59612356833D00E56491 /* KeypadView.swift */ = {isa = PBXFileReference; fileEncoding = 4; lastKnownFileType = sourcecode.swift; path = KeypadView.swift; sourceTree = "<group>"; };
		847010E2238966FB00472DA8 /* SnowfallView.swift */ = {isa = PBXFileReference; lastKnownFileType = sourcecode.swift; path = SnowfallView.swift; sourceTree = "<group>"; };
		847010E32389674700472DA8 /* SnowfallDemoView.swift */ = {isa = PBXFileReference; lastKnownFileType = sourcecode.swift; path = SnowfallDemoView.swift; sourceTree = "<group>"; };
		847010E823896C9C00472DA8 /* README.md */ = {isa = PBXFileReference; lastKnownFileType = net.daringfireball.markdown; path = README.md; sourceTree = "<group>"; };
		847010E923896E1D00472DA8 /* LICENSE.txt */ = {isa = PBXFileReference; lastKnownFileType = text; path = LICENSE.txt; sourceTree = "<group>"; };
		84A6C0EE2364FA0C00166014 /* DraggableViews.swift */ = {isa = PBXFileReference; lastKnownFileType = sourcecode.swift; path = DraggableViews.swift; sourceTree = "<group>"; };
		84B46C65235B5EA100BF8324 /* HyperlinkView.swift */ = {isa = PBXFileReference; lastKnownFileType = sourcecode.swift; path = HyperlinkView.swift; sourceTree = "<group>"; };
		84CC30B6237ECB72003A0382 /* PreferenceKeyAlignView.swift */ = {isa = PBXFileReference; lastKnownFileType = sourcecode.swift; path = PreferenceKeyAlignView.swift; sourceTree = "<group>"; };
/* End PBXFileReference section */

/* Begin PBXFrameworksBuildPhase section */
		840FDCBF2359572B002D25F9 /* Frameworks */ = {
			isa = PBXFrameworksBuildPhase;
			buildActionMask = 2147483647;
			files = (
			);
			runOnlyForDeploymentPostprocessing = 0;
		};
		846B594323567F9600E56491 /* Frameworks */ = {
			isa = PBXFrameworksBuildPhase;
			buildActionMask = 2147483647;
			files = (
			);
			runOnlyForDeploymentPostprocessing = 0;
		};
/* End PBXFrameworksBuildPhase section */

/* Begin PBXGroup section */
		840FDCC32359572B002D25F9 /* ComponentsMac */ = {
			isa = PBXGroup;
			children = (
				840FDCC42359572B002D25F9 /* AppDelegate.swift */,
				840FDCC82359572D002D25F9 /* Assets.xcassets */,
				840FDCCD2359572D002D25F9 /* Main.storyboard */,
				840FDCD02359572D002D25F9 /* Info.plist */,
				840FDCD12359572D002D25F9 /* ComponentsMac.entitlements */,
				840FDCCA2359572D002D25F9 /* Preview Content */,
			);
			path = ComponentsMac;
			sourceTree = "<group>";
		};
		840FDCCA2359572D002D25F9 /* Preview Content */ = {
			isa = PBXGroup;
			children = (
				840FDCCB2359572D002D25F9 /* Preview Assets.xcassets */,
			);
			path = "Preview Content";
			sourceTree = "<group>";
		};
		844FD68123840A8F003A0D2C /* Context Menu */ = {
			isa = PBXGroup;
			children = (
				844FD68223840AA6003A0D2C /* ContextMenuMac.swift */,
			);
			path = "Context Menu";
			sourceTree = "<group>";
		};
		846B593D23567F9600E56491 = {
			isa = PBXGroup;
			children = (
				847010E823896C9C00472DA8 /* README.md */,
				847010E923896E1D00472DA8 /* LICENSE.txt */,
				846B594823567F9600E56491 /* Components */,
				840FDCC32359572B002D25F9 /* ComponentsMac */,
				846B594723567F9600E56491 /* Products */,
			);
			sourceTree = "<group>";
		};
		846B594723567F9600E56491 /* Products */ = {
			isa = PBXGroup;
			children = (
				846B594623567F9600E56491 /* Components.app */,
				840FDCC22359572B002D25F9 /* ComponentsMac.app */,
			);
			name = Products;
			sourceTree = "<group>";
		};
		846B594823567F9600E56491 /* Components */ = {
			isa = PBXGroup;
			children = (
				846B595723567F9900E56491 /* Info.plist */,
				844FD68123840A8F003A0D2C /* Context Menu */,
				846B595123567F9900E56491 /* Preview Content */,
				846B595E235682DB00E56491 /* App Stuff */,
				846B595D235682C600E56491 /* Keypad */,
				84B46C64235B5E8700BF8324 /* Hyperlink */,
				84A6C0ED2364F9D300166014 /* DraggableViews */,
				84CC30B5237ECB0B003A0382 /* PreferenceKeyAlign */,
				847010E1238966E600472DA8 /* Snowflakes */,
				846B594D23567F9600E56491 /* ContentView.swift */,
			);
			path = Components;
			sourceTree = "<group>";
		};
		846B595123567F9900E56491 /* Preview Content */ = {
			isa = PBXGroup;
			children = (
				846B595223567F9900E56491 /* Preview Assets.xcassets */,
			);
			path = "Preview Content";
			sourceTree = "<group>";
		};
		846B595D235682C600E56491 /* Keypad */ = {
			isa = PBXGroup;
			children = (
				846B59612356833D00E56491 /* KeypadView.swift */,
				846B59602356833D00E56491 /* Sound Files */,
				846B595F2356833D00E56491 /* SoundPlayer.swift */,
			);
			path = Keypad;
			sourceTree = "<group>";
		};
		846B595E235682DB00E56491 /* App Stuff */ = {
			isa = PBXGroup;
			children = (
				846B594923567F9600E56491 /* AppDelegate.swift */,
				846B594B23567F9600E56491 /* SceneDelegate.swift */,
				846B594F23567F9900E56491 /* Assets.xcassets */,
				846B595423567F9900E56491 /* LaunchScreen.storyboard */,
			);
			path = "App Stuff";
			sourceTree = "<group>";
		};
		847010E1238966E600472DA8 /* Snowflakes */ = {
			isa = PBXGroup;
			children = (
				847010E2238966FB00472DA8 /* SnowfallView.swift */,
				847010E32389674700472DA8 /* SnowfallDemoView.swift */,
			);
			path = Snowflakes;
			sourceTree = "<group>";
		};
		84A6C0ED2364F9D300166014 /* DraggableViews */ = {
			isa = PBXGroup;
			children = (
				84A6C0EE2364FA0C00166014 /* DraggableViews.swift */,
			);
			path = DraggableViews;
			sourceTree = "<group>";
		};
		84B46C64235B5E8700BF8324 /* Hyperlink */ = {
			isa = PBXGroup;
			children = (
				84B46C65235B5EA100BF8324 /* HyperlinkView.swift */,
			);
			path = Hyperlink;
			sourceTree = "<group>";
		};
		84CC30B5237ECB0B003A0382 /* PreferenceKeyAlign */ = {
			isa = PBXGroup;
			children = (
				84CC30B6237ECB72003A0382 /* PreferenceKeyAlignView.swift */,
			);
			path = PreferenceKeyAlign;
			sourceTree = "<group>";
		};
/* End PBXGroup section */

/* Begin PBXNativeTarget section */
		840FDCC12359572B002D25F9 /* ComponentsMac */ = {
			isa = PBXNativeTarget;
			buildConfigurationList = 840FDCD42359572D002D25F9 /* Build configuration list for PBXNativeTarget "ComponentsMac" */;
			buildPhases = (
				840FDCBE2359572B002D25F9 /* Sources */,
				840FDCBF2359572B002D25F9 /* Frameworks */,
				840FDCC02359572B002D25F9 /* Resources */,
			);
			buildRules = (
			);
			dependencies = (
			);
			name = ComponentsMac;
			productName = ComponentsMac;
			productReference = 840FDCC22359572B002D25F9 /* ComponentsMac.app */;
			productType = "com.apple.product-type.application";
		};
		846B594523567F9600E56491 /* Components */ = {
			isa = PBXNativeTarget;
			buildConfigurationList = 846B595A23567F9900E56491 /* Build configuration list for PBXNativeTarget "Components" */;
			buildPhases = (
				846B594223567F9600E56491 /* Sources */,
				846B594323567F9600E56491 /* Frameworks */,
				846B594423567F9600E56491 /* Resources */,
			);
			buildRules = (
			);
			dependencies = (
			);
			name = Components;
			productName = Components;
			productReference = 846B594623567F9600E56491 /* Components.app */;
			productType = "com.apple.product-type.application";
		};
/* End PBXNativeTarget section */

/* Begin PBXProject section */
		846B593E23567F9600E56491 /* Project object */ = {
			isa = PBXProject;
			attributes = {
				LastSwiftUpdateCheck = 1100;
				LastUpgradeCheck = 1120;
				ORGANIZATIONNAME = "Steve Tibbett";
				TargetAttributes = {
					840FDCC12359572B002D25F9 = {
						CreatedOnToolsVersion = 11.0;
					};
					846B594523567F9600E56491 = {
						CreatedOnToolsVersion = 11.0;
					};
				};
			};
			buildConfigurationList = 846B594123567F9600E56491 /* Build configuration list for PBXProject "Components" */;
			compatibilityVersion = "Xcode 9.3";
			developmentRegion = en;
			hasScannedForEncodings = 0;
			knownRegions = (
				en,
				Base,
			);
			mainGroup = 846B593D23567F9600E56491;
			productRefGroup = 846B594723567F9600E56491 /* Products */;
			projectDirPath = "";
			projectRoot = "";
			targets = (
				846B594523567F9600E56491 /* Components */,
				840FDCC12359572B002D25F9 /* ComponentsMac */,
			);
		};
/* End PBXProject section */

/* Begin PBXResourcesBuildPhase section */
		840FDCC02359572B002D25F9 /* Resources */ = {
			isa = PBXResourcesBuildPhase;
			buildActionMask = 2147483647;
			files = (
				840FDCCF2359572D002D25F9 /* Main.storyboard in Resources */,
				840FDCCC2359572D002D25F9 /* Preview Assets.xcassets in Resources */,
				840FDCC92359572D002D25F9 /* Assets.xcassets in Resources */,
				840FDCD8235958EE002D25F9 /* Sound Files in Resources */,
			);
			runOnlyForDeploymentPostprocessing = 0;
		};
		846B594423567F9600E56491 /* Resources */ = {
			isa = PBXResourcesBuildPhase;
			buildActionMask = 2147483647;
			files = (
				846B595623567F9900E56491 /* LaunchScreen.storyboard in Resources */,
				846B595323567F9900E56491 /* Preview Assets.xcassets in Resources */,
				846B595023567F9900E56491 /* Assets.xcassets in Resources */,
				846B59632356833D00E56491 /* Sound Files in Resources */,
			);
			runOnlyForDeploymentPostprocessing = 0;
		};
/* End PBXResourcesBuildPhase section */

/* Begin PBXSourcesBuildPhase section */
		840FDCBE2359572B002D25F9 /* Sources */ = {
			isa = PBXSourcesBuildPhase;
			buildActionMask = 2147483647;
			files = (
				84A6C0F02364FA0C00166014 /* DraggableViews.swift in Sources */,
				840FDCC52359572B002D25F9 /* AppDelegate.swift in Sources */,
				844FD68323840AA6003A0D2C /* ContextMenuMac.swift in Sources */,
				840FDCD623595764002D25F9 /* SoundPlayer.swift in Sources */,
				847010E7238967AA00472DA8 /* SnowfallView.swift in Sources */,
				847010E52389674700472DA8 /* SnowfallDemoView.swift in Sources */,
				840FDCD7235958CF002D25F9 /* ContentView.swift in Sources */,
				84B46C67235B5EA100BF8324 /* HyperlinkView.swift in Sources */,
				840FDCD523595764002D25F9 /* KeypadView.swift in Sources */,
				84CC30B8237ECB72003A0382 /* PreferenceKeyAlignView.swift in Sources */,
			);
			runOnlyForDeploymentPostprocessing = 0;
		};
		846B594223567F9600E56491 /* Sources */ = {
			isa = PBXSourcesBuildPhase;
			buildActionMask = 2147483647;
			files = (
				84A6C0EF2364FA0C00166014 /* DraggableViews.swift in Sources */,
				846B594A23567F9600E56491 /* AppDelegate.swift in Sources */,
				84B46C66235B5EA100BF8324 /* HyperlinkView.swift in Sources */,
				846B59642356833D00E56491 /* KeypadView.swift in Sources */,
				847010E6238967AA00472DA8 /* SnowfallView.swift in Sources */,
				847010E42389674700472DA8 /* SnowfallDemoView.swift in Sources */,
				846B594C23567F9600E56491 /* SceneDelegate.swift in Sources */,
				84CC30B7237ECB72003A0382 /* PreferenceKeyAlignView.swift in Sources */,
				846B59622356833D00E56491 /* SoundPlayer.swift in Sources */,
				846B594E23567F9600E56491 /* ContentView.swift in Sources */,
			);
			runOnlyForDeploymentPostprocessing = 0;
		};
/* End PBXSourcesBuildPhase section */

/* Begin PBXVariantGroup section */
		840FDCCD2359572D002D25F9 /* Main.storyboard */ = {
			isa = PBXVariantGroup;
			children = (
				840FDCCE2359572D002D25F9 /* Base */,
			);
			name = Main.storyboard;
			sourceTree = "<group>";
		};
		846B595423567F9900E56491 /* LaunchScreen.storyboard */ = {
			isa = PBXVariantGroup;
			children = (
				846B595523567F9900E56491 /* Base */,
			);
			name = LaunchScreen.storyboard;
			sourceTree = "<group>";
		};
/* End PBXVariantGroup section */

/* Begin XCBuildConfiguration section */
		840FDCD22359572D002D25F9 /* Debug */ = {
			isa = XCBuildConfiguration;
			buildSettings = {
				ASSETCATALOG_COMPILER_APPICON_NAME = AppIcon;
				CODE_SIGN_ENTITLEMENTS = ComponentsMac/ComponentsMac.entitlements;
				CODE_SIGN_IDENTITY = "-";
				CODE_SIGN_STYLE = Automatic;
				COMBINE_HIDPI_IMAGES = YES;
				DEVELOPMENT_ASSET_PATHS = "\"ComponentsMac/Preview Content\"";
				DEVELOPMENT_TEAM = FN4Q2985YR;
				ENABLE_HARDENED_RUNTIME = YES;
				ENABLE_PREVIEWS = YES;
				INFOPLIST_FILE = ComponentsMac/Info.plist;
				LD_RUNPATH_SEARCH_PATHS = (
					"$(inherited)",
					"@executable_path/../Frameworks",
				);
				MACOSX_DEPLOYMENT_TARGET = 10.15;
				PRODUCT_BUNDLE_IDENTIFIER = com.falldaysoftware.swiftui.ComponentsMac;
				PRODUCT_NAME = "$(TARGET_NAME)";
				SDKROOT = macosx;
				SWIFT_VERSION = 5.0;
			};
			name = Debug;
		};
		840FDCD32359572D002D25F9 /* Release */ = {
			isa = XCBuildConfiguration;
			buildSettings = {
				ASSETCATALOG_COMPILER_APPICON_NAME = AppIcon;
				CODE_SIGN_ENTITLEMENTS = ComponentsMac/ComponentsMac.entitlements;
				CODE_SIGN_IDENTITY = "-";
				CODE_SIGN_STYLE = Automatic;
				COMBINE_HIDPI_IMAGES = YES;
				DEVELOPMENT_ASSET_PATHS = "\"ComponentsMac/Preview Content\"";
				DEVELOPMENT_TEAM = FN4Q2985YR;
				ENABLE_HARDENED_RUNTIME = YES;
				ENABLE_PREVIEWS = YES;
				INFOPLIST_FILE = ComponentsMac/Info.plist;
				LD_RUNPATH_SEARCH_PATHS = (
					"$(inherited)",
					"@executable_path/../Frameworks",
				);
				MACOSX_DEPLOYMENT_TARGET = 10.15;
				PRODUCT_BUNDLE_IDENTIFIER = com.falldaysoftware.swiftui.ComponentsMac;
				PRODUCT_NAME = "$(TARGET_NAME)";
				SDKROOT = macosx;
				SWIFT_VERSION = 5.0;
			};
			name = Release;
		};
		846B595823567F9900E56491 /* Debug */ = {
			isa = XCBuildConfiguration;
			buildSettings = {
				ALWAYS_SEARCH_USER_PATHS = NO;
				CLANG_ANALYZER_NONNULL = YES;
				CLANG_ANALYZER_NUMBER_OBJECT_CONVERSION = YES_AGGRESSIVE;
				CLANG_CXX_LANGUAGE_STANDARD = "gnu++14";
				CLANG_CXX_LIBRARY = "libc++";
				CLANG_ENABLE_MODULES = YES;
				CLANG_ENABLE_OBJC_ARC = YES;
				CLANG_ENABLE_OBJC_WEAK = YES;
				CLANG_WARN_BLOCK_CAPTURE_AUTORELEASING = YES;
				CLANG_WARN_BOOL_CONVERSION = YES;
				CLANG_WARN_COMMA = YES;
				CLANG_WARN_CONSTANT_CONVERSION = YES;
				CLANG_WARN_DEPRECATED_OBJC_IMPLEMENTATIONS = YES;
				CLANG_WARN_DIRECT_OBJC_ISA_USAGE = YES_ERROR;
				CLANG_WARN_DOCUMENTATION_COMMENTS = YES;
				CLANG_WARN_EMPTY_BODY = YES;
				CLANG_WARN_ENUM_CONVERSION = YES;
				CLANG_WARN_INFINITE_RECURSION = YES;
				CLANG_WARN_INT_CONVERSION = YES;
				CLANG_WARN_NON_LITERAL_NULL_CONVERSION = YES;
				CLANG_WARN_OBJC_IMPLICIT_RETAIN_SELF = YES;
				CLANG_WARN_OBJC_LITERAL_CONVERSION = YES;
				CLANG_WARN_OBJC_ROOT_CLASS = YES_ERROR;
				CLANG_WARN_RANGE_LOOP_ANALYSIS = YES;
				CLANG_WARN_STRICT_PROTOTYPES = YES;
				CLANG_WARN_SUSPICIOUS_MOVE = YES;
				CLANG_WARN_UNGUARDED_AVAILABILITY = YES_AGGRESSIVE;
				CLANG_WARN_UNREACHABLE_CODE = YES;
				CLANG_WARN__DUPLICATE_METHOD_MATCH = YES;
				COPY_PHASE_STRIP = NO;
				DEBUG_INFORMATION_FORMAT = dwarf;
				ENABLE_STRICT_OBJC_MSGSEND = YES;
				ENABLE_TESTABILITY = YES;
				GCC_C_LANGUAGE_STANDARD = gnu11;
				GCC_DYNAMIC_NO_PIC = NO;
				GCC_NO_COMMON_BLOCKS = YES;
				GCC_OPTIMIZATION_LEVEL = 0;
				GCC_PREPROCESSOR_DEFINITIONS = (
					"DEBUG=1",
					"$(inherited)",
				);
				GCC_WARN_64_TO_32_BIT_CONVERSION = YES;
				GCC_WARN_ABOUT_RETURN_TYPE = YES_ERROR;
				GCC_WARN_UNDECLARED_SELECTOR = YES;
				GCC_WARN_UNINITIALIZED_AUTOS = YES_AGGRESSIVE;
				GCC_WARN_UNUSED_FUNCTION = YES;
				GCC_WARN_UNUSED_VARIABLE = YES;
				IPHONEOS_DEPLOYMENT_TARGET = 13.0;
				MTL_ENABLE_DEBUG_INFO = INCLUDE_SOURCE;
				MTL_FAST_MATH = YES;
				ONLY_ACTIVE_ARCH = YES;
				SDKROOT = iphoneos;
				SWIFT_ACTIVE_COMPILATION_CONDITIONS = DEBUG;
				SWIFT_OPTIMIZATION_LEVEL = "-Onone";
			};
			name = Debug;
		};
		846B595923567F9900E56491 /* Release */ = {
			isa = XCBuildConfiguration;
			buildSettings = {
				ALWAYS_SEARCH_USER_PATHS = NO;
				CLANG_ANALYZER_NONNULL = YES;
				CLANG_ANALYZER_NUMBER_OBJECT_CONVERSION = YES_AGGRESSIVE;
				CLANG_CXX_LANGUAGE_STANDARD = "gnu++14";
				CLANG_CXX_LIBRARY = "libc++";
				CLANG_ENABLE_MODULES = YES;
				CLANG_ENABLE_OBJC_ARC = YES;
				CLANG_ENABLE_OBJC_WEAK = YES;
				CLANG_WARN_BLOCK_CAPTURE_AUTORELEASING = YES;
				CLANG_WARN_BOOL_CONVERSION = YES;
				CLANG_WARN_COMMA = YES;
				CLANG_WARN_CONSTANT_CONVERSION = YES;
				CLANG_WARN_DEPRECATED_OBJC_IMPLEMENTATIONS = YES;
				CLANG_WARN_DIRECT_OBJC_ISA_USAGE = YES_ERROR;
				CLANG_WARN_DOCUMENTATION_COMMENTS = YES;
				CLANG_WARN_EMPTY_BODY = YES;
				CLANG_WARN_ENUM_CONVERSION = YES;
				CLANG_WARN_INFINITE_RECURSION = YES;
				CLANG_WARN_INT_CONVERSION = YES;
				CLANG_WARN_NON_LITERAL_NULL_CONVERSION = YES;
				CLANG_WARN_OBJC_IMPLICIT_RETAIN_SELF = YES;
				CLANG_WARN_OBJC_LITERAL_CONVERSION = YES;
				CLANG_WARN_OBJC_ROOT_CLASS = YES_ERROR;
				CLANG_WARN_RANGE_LOOP_ANALYSIS = YES;
				CLANG_WARN_STRICT_PROTOTYPES = YES;
				CLANG_WARN_SUSPICIOUS_MOVE = YES;
				CLANG_WARN_UNGUARDED_AVAILABILITY = YES_AGGRESSIVE;
				CLANG_WARN_UNREACHABLE_CODE = YES;
				CLANG_WARN__DUPLICATE_METHOD_MATCH = YES;
				COPY_PHASE_STRIP = NO;
				DEBUG_INFORMATION_FORMAT = "dwarf-with-dsym";
				ENABLE_NS_ASSERTIONS = NO;
				ENABLE_STRICT_OBJC_MSGSEND = YES;
				GCC_C_LANGUAGE_STANDARD = gnu11;
				GCC_NO_COMMON_BLOCKS = YES;
				GCC_WARN_64_TO_32_BIT_CONVERSION = YES;
				GCC_WARN_ABOUT_RETURN_TYPE = YES_ERROR;
				GCC_WARN_UNDECLARED_SELECTOR = YES;
				GCC_WARN_UNINITIALIZED_AUTOS = YES_AGGRESSIVE;
				GCC_WARN_UNUSED_FUNCTION = YES;
				GCC_WARN_UNUSED_VARIABLE = YES;
				IPHONEOS_DEPLOYMENT_TARGET = 13.0;
				MTL_ENABLE_DEBUG_INFO = NO;
				MTL_FAST_MATH = YES;
				SDKROOT = iphoneos;
				SWIFT_COMPILATION_MODE = wholemodule;
				SWIFT_OPTIMIZATION_LEVEL = "-O";
				VALIDATE_PRODUCT = YES;
			};
			name = Release;
		};
		846B595B23567F9900E56491 /* Debug */ = {
			isa = XCBuildConfiguration;
			buildSettings = {
				ASSETCATALOG_COMPILER_APPICON_NAME = AppIcon;
				CODE_SIGN_STYLE = Automatic;
				DEVELOPMENT_ASSET_PATHS = "\"Components/Preview Content\"";
				DEVELOPMENT_TEAM = FN4Q2985YR;
				ENABLE_PREVIEWS = YES;
				INFOPLIST_FILE = Components/Info.plist;
				LD_RUNPATH_SEARCH_PATHS = (
					"$(inherited)",
					"@executable_path/Frameworks",
				);
				PRODUCT_BUNDLE_IDENTIFIER = com.falldaysoftware.swiftui.Components.Components;
				PRODUCT_NAME = "$(TARGET_NAME)";
				SWIFT_VERSION = 5.0;
				TARGETED_DEVICE_FAMILY = "1,2";
			};
			name = Debug;
		};
		846B595C23567F9900E56491 /* Release */ = {
			isa = XCBuildConfiguration;
			buildSettings = {
				ASSETCATALOG_COMPILER_APPICON_NAME = AppIcon;
				CODE_SIGN_STYLE = Automatic;
				DEVELOPMENT_ASSET_PATHS = "\"Components/Preview Content\"";
				DEVELOPMENT_TEAM = FN4Q2985YR;
				ENABLE_PREVIEWS = YES;
				INFOPLIST_FILE = Components/Info.plist;
				LD_RUNPATH_SEARCH_PATHS = (
					"$(inherited)",
					"@executable_path/Frameworks",
				);
				PRODUCT_BUNDLE_IDENTIFIER = com.falldaysoftware.swiftui.Components.Components;
				PRODUCT_NAME = "$(TARGET_NAME)";
				SWIFT_VERSION = 5.0;
				TARGETED_DEVICE_FAMILY = "1,2";
			};
			name = Release;
		};
/* End XCBuildConfiguration section */

/* Begin XCConfigurationList section */
		840FDCD42359572D002D25F9 /* Build configuration list for PBXNativeTarget "ComponentsMac" */ = {
			isa = XCConfigurationList;
			buildConfigurations = (
				840FDCD22359572D002D25F9 /* Debug */,
				840FDCD32359572D002D25F9 /* Release */,
			);
			defaultConfigurationIsVisible = 0;
			defaultConfigurationName = Release;
		};
		846B594123567F9600E56491 /* Build configuration list for PBXProject "Components" */ = {
			isa = XCConfigurationList;
			buildConfigurations = (
				846B595823567F9900E56491 /* Debug */,
				846B595923567F9900E56491 /* Release */,
			);
			defaultConfigurationIsVisible = 0;
			defaultConfigurationName = Release;
		};
		846B595A23567F9900E56491 /* Build configuration list for PBXNativeTarget "Components" */ = {
			isa = XCConfigurationList;
			buildConfigurations = (
				846B595B23567F9900E56491 /* Debug */,
				846B595C23567F9900E56491 /* Release */,
			);
			defaultConfigurationIsVisible = 0;
			defaultConfigurationName = Release;
		};
/* End XCConfigurationList section */
	};
	rootObject = 846B593E23567F9600E56491 /* Project object */;
}
